github.com/gotmc/convert v0.2.0 h1:aWOTiy1PfaXoyPcqHyinGKkHgrdENTybUvrH7AOZLS0=
github.com/gotmc/convert v0.2.0/go.mod h1:ZuXbN0TaRi0AStPHR7iz2h2kgr1wlxYo2kTTNxwA1QU=
github.com/gotmc/query v0.4.1 h1:7FpslytZMNR7o0lHOMDWOrfCLbxp2nEO/1gUlZbKVgo=
github.com/gotmc/query v0.4.1/go.mod h1:TkT6sHoA6oZfqiuq+h7G/C4BUaHimj5MUw79uAeXRws=
